
Microsoft Visual Studio Solution File, Format Version 12.00
# Visual Studio 15
VisualStudioVersion = 15.0.26730.12
MinimumVisualStudioVersion = 10.0.40219.1
Project("{FAE04EC0-301F-11D3-BF4B-00C04F79EFBC}") = "BankingProject", "BankingProject\BankingProject.csproj", "{37F49DFC-E6A5-4B3C-BA82-38B368998BF2}"
EndProject
Project("{FAE04EC0-301F-11D3-BF4B-00C04F79EFBC}") = "BankingLibrary", "BankingLibrary\BankingLibrary.csproj", "{BE78252E-B072-49AB-B657-074489B17452}"
EndProject
Project("{FAE04EC0-301F-11D3-BF4B-00C04F79EFBC}") = "BankingUnitTest", "BankingUnitTest\BankingUnitTest.csproj", "{B4C2E3EC-FCD5-4C7B-8C49-31E65355D1D2}"
EndProject
Global
	GlobalSection(SolutionConfigurationPlatforms) = preSolution
		Debug|Any CPU = Debug|Any CPU
		Release|Any CPU = Release|Any CPU
	EndGlobalSection
	GlobalSection(ProjectConfigurationPlatforms) = postSolution
		{37F49DFC-E6A5-4B3C-BA82-38B368998BF2}.Debug|Any CPU.ActiveCfg = Debug|Any CPU
		{37F49DFC-E6A5-4B3C-BA82-38B368998BF2}.Debug|Any CPU.Build.0 = Debug|Any CPU
		{37F49DFC-E6A5-4B3C-BA82-38B368998BF2}.Release|Any CPU.ActiveCfg = Release|Any CPU
		{37F49DFC-E6A5-4B3C-BA82-38B368998BF2}.Release|Any CPU.Build.0 = Release|Any CPU
		{BE78252E-B072-49AB-B657-074489B17452}.Debug|Any CPU.ActiveCfg = Debug|Any CPU
		{BE78252E-B072-49AB-B657-074489B17452}.Debug|Any CPU.Build.0 = Debug|Any CPU
		{BE78252E-B072-49AB-B657-074489B17452}.Release|Any CPU.ActiveCfg = Release|Any CPU
		{BE78252E-B072-49AB-B657-074489B17452}.Release|Any CPU.Build.0 = Release|Any CPU
		{B4C2E3EC-FCD5-4C7B-8C49-31E65355D1D2}.Debug|Any CPU.ActiveCfg = Debug|Any CPU
		{B4C2E3EC-FCD5-4C7B-8C49-31E65355D1D2}.Debug|Any CPU.Build.0 = Debug|Any CPU
		{B4C2E3EC-FCD5-4C7B-8C49-31E65355D1D2}.Release|Any CPU.ActiveCfg = Release|Any CPU
		{B4C2E3EC-FCD5-4C7B-8C49-31E65355D1D2}.Release|Any CPU.Build.0 = Release|Any CPU
	EndGlobalSection
	GlobalSection(SolutionProperties) = preSolution
		HideSolutionNode = FALSE
	EndGlobalSection
	GlobalSection(ExtensibilityGlobals) = postSolution
		SolutionGuid = {6B6A8B83-248C-454A-BCCE-9B39982CCEB3}
	EndGlobalSection
EndGlobal
